
Microsoft Visual Studio Solution File, Format Version 12.00
# Visual Studio Version 17
VisualStudioVersion = 17.2.32526.322
MinimumVisualStudioVersion = 10.0.40219.1
Project("{FAE04EC0-301F-11D3-BF4B-00C04F79EFBC}") = "MaxiBug", "MaxiBug\MaxiBug.csproj", "{EF183892-A316-466B-B997-2BA7FAD4DB45}"
EndProject
Project("{2150E333-8FDC-42A3-9474-1A3956D46DE8}") = "Solution Items", "Solution Items", "{082987E9-889B-4FE4-A8AA-0A2817E45D52}"
	ProjectSection(SolutionItems) = preProject
		README.md = README.md
	EndProjectSection
EndProject
Project("{FAE04EC0-301F-11D3-BF4B-00C04F79EFBC}") = "TestBot", "TestBot\TestBot.csproj", "{A0897AE4-98E1-4477-88F0-193EBA75B08E}"
EndProject
Global
	GlobalSection(SolutionConfigurationPlatforms) = preSolution
		Debug|Any CPU = Debug|Any CPU
		Release|Any CPU = Release|Any CPU
	EndGlobalSection
	GlobalSection(ProjectConfigurationPlatforms) = postSolution
		{EF183892-A316-466B-B997-2BA7FAD4DB45}.Debug|Any CPU.ActiveCfg = Debug|Any CPU
		{EF183892-A316-466B-B997-2BA7FAD4DB45}.Debug|Any CPU.Build.0 = Debug|Any CPU
		{EF183892-A316-466B-B997-2BA7FAD4DB45}.Release|Any CPU.ActiveCfg = Release|Any CPU
		{EF183892-A316-466B-B997-2BA7FAD4DB45}.Release|Any CPU.Build.0 = Release|Any CPU
		{A0897AE4-98E1-4477-88F0-193EBA75B08E}.Debug|Any CPU.ActiveCfg = Debug|Any CPU
		{A0897AE4-98E1-4477-88F0-193EBA75B08E}.Debug|Any CPU.Build.0 = Debug|Any CPU
		{A0897AE4-98E1-4477-88F0-193EBA75B08E}.Release|Any CPU.ActiveCfg = Release|Any CPU
		{A0897AE4-98E1-4477-88F0-193EBA75B08E}.Release|Any CPU.Build.0 = Release|Any CPU
	EndGlobalSection
	GlobalSection(SolutionProperties) = preSolution
		HideSolutionNode = FALSE
	EndGlobalSection
	GlobalSection(ExtensibilityGlobals) = postSolution
		SolutionGuid = {B34963BE-9B6F-47FF-B4C2-D61746118ABB}
	EndGlobalSection
EndGlobal
